
Microsoft Visual Studio Solution File, Format Version 12.00
# Visual Studio 15
VisualStudioVersion = 15.0.28307.960
MinimumVisualStudioVersion = 10.0.40219.1
Project("{FAE04EC0-301F-11D3-BF4B-00C04F79EFBC}") = "For-3-Ron", "For-3-Ron\For-3-Ron.csproj", "{71FD6487-FC9D-4FEC-9331-C2249980836A}"
EndProject
Global
	GlobalSection(SolutionConfigurationPlatforms) = preSolution
		Debug|Any CPU = Debug|Any CPU
		Release|Any CPU = Release|Any CPU
	EndGlobalSection
	GlobalSection(ProjectConfigurationPlatforms) = postSolution
		{71FD6487-FC9D-4FEC-9331-C2249980836A}.Debug|Any CPU.ActiveCfg = Debug|Any CPU
		{71FD6487-FC9D-4FEC-9331-C2249980836A}.Debug|Any CPU.Build.0 = Debug|Any CPU
		{71FD6487-FC9D-4FEC-9331-C2249980836A}.Release|Any CPU.ActiveCfg = Release|Any CPU
		{71FD6487-FC9D-4FEC-9331-C2249980836A}.Release|Any CPU.Build.0 = Release|Any CPU
	EndGlobalSection
	GlobalSection(SolutionProperties) = preSolution
		HideSolutionNode = FALSE
	EndGlobalSection
	GlobalSection(ExtensibilityGlobals) = postSolution
		SolutionGuid = {74B621B9-8D63-409D-B81D-638DC0D4F9F7}
	EndGlobalSection
EndGlobal
